
Microsoft Visual Studio Solution File, Format Version 12.00
# Visual Studio 15
VisualStudioVersion = 15.0.28307.329
MinimumVisualStudioVersion = 10.0.40219.1
Project("{9A19103F-16F7-4668-BE54-9A1E7A4F7556}") = "GameLibrary", "GameLibrary\GameLibrary.csproj", "{C9434524-B88C-4081-8A2B-11531DDF09AA}"
EndProject
Project("{2150E333-8FDC-42A3-9474-1A3956D46DE8}") = "Resources", "Resources", "{EE3F615E-0A5B-4CB3-8357-A3B3DB367B59}"
EndProject
Global
	GlobalSection(SolutionConfigurationPlatforms) = preSolution
		Debug|Any CPU = Debug|Any CPU
		Release|Any CPU = Release|Any CPU
	EndGlobalSection
	GlobalSection(ProjectConfigurationPlatforms) = postSolution
		{C9434524-B88C-4081-8A2B-11531DDF09AA}.Debug|Any CPU.ActiveCfg = Debug|Any CPU
		{C9434524-B88C-4081-8A2B-11531DDF09AA}.Debug|Any CPU.Build.0 = Debug|Any CPU
		{C9434524-B88C-4081-8A2B-11531DDF09AA}.Release|Any CPU.ActiveCfg = Release|Any CPU
		{C9434524-B88C-4081-8A2B-11531DDF09AA}.Release|Any CPU.Build.0 = Release|Any CPU
	EndGlobalSection
	GlobalSection(SolutionProperties) = preSolution
		HideSolutionNode = FALSE
	EndGlobalSection
	GlobalSection(ExtensibilityGlobals) = postSolution
		SolutionGuid = {014DCC0D-98F5-470C-BDF8-737B87972AF6}
	EndGlobalSection
EndGlobal
